
Microsoft Visual Studio Solution File, Format Version 12.00
# Visual Studio Version 16
VisualStudioVersion = 16.0.30204.135
MinimumVisualStudioVersion = 10.0.40219.1
Project("{FAE04EC0-301F-11D3-BF4B-00C04F79EFBC}") = "rcheck", "rcheck\rcheck.csproj", "{43522F10-4E26-4095-9F94-9852B06C3C6B}"
EndProject
Project("{FAE04EC0-301F-11D3-BF4B-00C04F79EFBC}") = "rcheckd", "rcheckd\rcheckd.csproj", "{0B323429-7849-4031-A7D7-728593E7DC68}"
EndProject
Project("{54435603-DBB4-11D2-8724-00A0C9A8B90C}") = "RCheck_Setup", "rcheck-setup\rcheck-setup.vdproj", "{3E6567C0-7AFF-4C57-8B9C-796162544CDA}"
EndProject
Project("{2150E333-8FDC-42A3-9474-1A3956D46DE8}") = "Solution Items", "Solution Items", "{EFE2F920-EBD0-4687-A889-0A5AB5F0BD62}"
	ProjectSection(SolutionItems) = preProject
		README.md = README.md
	EndProjectSection
EndProject
Global
	GlobalSection(SolutionConfigurationPlatforms) = preSolution
		Debug|Any CPU = Debug|Any CPU
		Release|Any CPU = Release|Any CPU
	EndGlobalSection
	GlobalSection(ProjectConfigurationPlatforms) = postSolution
		{43522F10-4E26-4095-9F94-9852B06C3C6B}.Debug|Any CPU.ActiveCfg = Debug|Any CPU
		{43522F10-4E26-4095-9F94-9852B06C3C6B}.Debug|Any CPU.Build.0 = Debug|Any CPU
		{43522F10-4E26-4095-9F94-9852B06C3C6B}.Release|Any CPU.ActiveCfg = Release|Any CPU
		{43522F10-4E26-4095-9F94-9852B06C3C6B}.Release|Any CPU.Build.0 = Release|Any CPU
		{0B323429-7849-4031-A7D7-728593E7DC68}.Debug|Any CPU.ActiveCfg = Debug|Any CPU
		{0B323429-7849-4031-A7D7-728593E7DC68}.Debug|Any CPU.Build.0 = Debug|Any CPU
		{0B323429-7849-4031-A7D7-728593E7DC68}.Release|Any CPU.ActiveCfg = Release|Any CPU
		{0B323429-7849-4031-A7D7-728593E7DC68}.Release|Any CPU.Build.0 = Release|Any CPU
		{3E6567C0-7AFF-4C57-8B9C-796162544CDA}.Debug|Any CPU.ActiveCfg = Debug
		{3E6567C0-7AFF-4C57-8B9C-796162544CDA}.Release|Any CPU.ActiveCfg = Release
		{3E6567C0-7AFF-4C57-8B9C-796162544CDA}.Release|Any CPU.Build.0 = Release
	EndGlobalSection
	GlobalSection(SolutionProperties) = preSolution
		HideSolutionNode = FALSE
	EndGlobalSection
	GlobalSection(ExtensibilityGlobals) = postSolution
		SolutionGuid = {5D748C03-D8D2-4044-BE81-E923AB7B0526}
	EndGlobalSection
EndGlobal
